# This file is generated by running "yarn install" inside your project.
# Manual changes might be lost - proceed with caution!

__metadata:
  version: 8
  cacheKey: 10

"@adguard/agtree@npm:^4.0.1":
  version: 4.0.1
  resolution: "@adguard/agtree@npm:4.0.1"
  dependencies:
    "@adguard/css-tokenizer": "npm:^1.2.0"
    camelcase-keys: "npm:^7.0.2"
    clone-deep: "npm:^4.0.1"
    glob-to-regexp: "npm:^0.4.1"
    is-ip: "npm:3.1.0"
    json5: "npm:^2.2.3"
    sprintf-js: "npm:^1.1.3"
    tldts: "npm:^5.7.112"
    zod: "npm:3.24.4"
  checksum: 10/a51bb96b23db3b659bb1ff945d4a9324da1af3db703c33ca75f5e71458e6b6d625f78ef3aeb48e4a8677b6810ce3a5ff1966bbe9cc56ea61fbc5148b1fb9d722
  languageName: node
  linkType: hard

"@adguard/css-tokenizer@npm:^1.2.0":
  version: 1.2.0
  resolution: "@adguard/css-tokenizer@npm:1.2.0"
  checksum: 10/4e1a6b486b61d54dd885123c21923d3611f4a774ac7832e4fa66ae5ccbbc7fd94cd22fec1fb7277cfc3270795f08a8c38a515f467965eb98c0376d0f1bbfb0b1
  languageName: node
  linkType: hard

"@adguard/logger@npm:^2.0.0":
  version: 2.0.0
  resolution: "@adguard/logger@npm:2.0.0"
  checksum: 10/ee55440c0cb106bb6832db46e5815946b5065db6c3a4ec3d458ee7f8b65662ec3ff884ba71b4ecbdab3be9d0541c93b06ba4765017a5c6a724dd010e57462895
  languageName: node
  linkType: hard

"@adguard/scriptlets@npm:^2.2.16":
  version: 2.2.16
  resolution: "@adguard/scriptlets@npm:2.2.16"
  dependencies:
    "@adguard/agtree": "npm:^4.0.1"
    "@types/trusted-types": "npm:^2.0.7"
    js-yaml: "npm:^3.14.1"
  checksum: 10/570c1aff5b1390f9009c28ce641afb05679414c8272b8677179847b99f4d9766f4e71663469e0547b6b3842006b28114b811124773eaa063d4619d337e8f03db
  languageName: node
  linkType: hard

"@adguard/tsurlfilter@npm:^4.0.2":
  version: 4.0.2
  resolution: "@adguard/tsurlfilter@npm:4.0.2"
  dependencies:
    "@adguard/agtree": "npm:^4.0.1"
    "@adguard/css-tokenizer": "npm:^1.2.0"
    "@adguard/logger": "npm:^2.0.0"
    "@adguard/scriptlets": "npm:^2.2.16"
    cidr-tools: "npm:^6.4.1"
    commander: "npm:^12.1.0"
    is-cidr: "npm:4.0.2"
    is-ip: "npm:3.1.0"
    lru-cache: "npm:^11.0.2"
    punycode: "npm:2.3.1"
    tldts: "npm:^5.7.112"
    zod: "npm:3.24.4"
    zod-validation-error: "npm:^3.4.0"
  peerDependencies:
    "@adguard/re2-wasm": 1.2.0
  bin:
    tsurlfilter: dist/cli.js
  checksum: 10/bcbdf4bc246253613353734c52b4cac670dd5a8642de0a7d780fc6fcffa1af1fa2a4d85ec85cbe0bc79003dca1adeb9ff24b8ce18af662263adfc934e2c28f9c
  languageName: node
  linkType: hard

"@eyeo/remote-configuration-validator@npm:*":
  version: 0.10.0
  resolution: "@eyeo/remote-configuration-validator@npm:0.10.0"
  dependencies:
    json-rules-engine: "npm:7.3.1"
    jsonschema: "npm:^1.4.1"
  checksum: 10/60f2869aacb13916faf2fcf685aad3f02f5b7fb24475e6852e9ec06e22971e21705790ef1896f337646c43e532f1af4e0adebd780bad2c8854c87673b8ea1361
  languageName: node
  linkType: hard

"@eyeo/webext-ad-filtering-solution@npm:4.0.0":
  version: 4.0.0
  resolution: "@eyeo/webext-ad-filtering-solution@npm:4.0.0"
  dependencies:
    "@eyeo/remote-configuration-validator": "npm:*"
    "@sentry/browser": "npm:8.54.0"
    json-rules-engine: "npm:7.3.1"
    jsonpath-plus: "npm:10.3.0"
    pako: "npm:^2.1.0"
    semver: "npm:7.7.2"
    tar: "npm:^6.1.10"
    uuid: "npm:9.0.1"
    yargs: "npm:^17.5.1"
  peerDependencies:
    webextension-polyfill: "*"
  bin:
    subs-convert: scripts/convertSubscriptions.js
    subs-fetch: scripts/fetchSubscriptions.js
    subs-generate: scripts/generateSubscriptionsFragment.js
    subs-init: scripts/initSubscriptions.js
    subs-merge: scripts/mergeSubscriptions.js
  checksum: 10/56ed831028cb5ff6e7169edfe6a9db891284c089371e3b1bac48e7ffda27c51e86724ab721cc8e78028fa581df58bff56a29ec937907a8022fcfa5df46714976
  languageName: node
  linkType: hard

"@ghostery/adblocker-benchmarks@workspace:.":
  version: 0.0.0-use.local
  resolution: "@ghostery/adblocker-benchmarks@workspace:."
  dependencies:
    "@adguard/tsurlfilter": "npm:^4.0.2"
    "@eyeo/webext-ad-filtering-solution": "npm:4.0.0"
    "@gorhill/ubo-core": "npm:^0.1.30"
    abp-filter-parser: "npm:^0.2.0"
    adblock-rs: "npm:0.12.1"
    fast-hosts-lookup: "https://github.com/mjethani/fast-hosts-lookup.git#commit=9136bb8c331ee5dba8ac1a0018552cace11e2afa"
    tldts-experimental: "npm:^7.0.25"
  languageName: unknown
  linkType: soft

"@gorhill/ubo-core@npm:^0.1.30":
  version: 0.1.30
  resolution: "@gorhill/ubo-core@npm:0.1.30"
  checksum: 10/0129ae50025cac95469d84586e900521ddf8d1cbb7e0f4b4efbd0a9bf6eb13be3724b5996722f0b4f549a69474783f95223fb16c70f34a8110631f4f479344a0
  languageName: node
  linkType: hard

"@jsep-plugin/assignment@npm:^1.3.0":
  version: 1.3.0
  resolution: "@jsep-plugin/assignment@npm:1.3.0"
  peerDependencies:
    jsep: ^0.4.0||^1.0.0
  checksum: 10/0c93b703d84af95b4be9fb6c23fbdbe7c7b6985b41c98fd10386cd54686ed1eb751cb39f5d54abcb621e4da2a0900a3b2a852e5bf7f2d322b756db3b22e42a45
  languageName: node
  linkType: hard

"@jsep-plugin/regex@npm:^1.0.4":
  version: 1.0.4
  resolution: "@jsep-plugin/regex@npm:1.0.4"
  peerDependencies:
    jsep: ^0.4.0||^1.0.0
  checksum: 10/0ea6ba81f03955972b762fd9fbc8e3fd7e1c1c12e52ce3d4366e23c0a63c8bff8528687b8b3d8f641cf9f626f8bf5a7841efcd31a2489fe967e1900e5738ee3a
  languageName: node
  linkType: hard

"@sentry-internal/browser-utils@npm:8.54.0":
  version: 8.54.0
  resolution: "@sentry-internal/browser-utils@npm:8.54.0"
  dependencies:
    "@sentry/core": "npm:8.54.0"
  checksum: 10/374bc7eb9d340fb6b71494b4124864d02a6073d9b7665d00e00b4d1bfe3ff8908a16e26ce30d2d7fb734e26a61a73d08fb519687fab079d578f378aa16b2425e
  languageName: node
  linkType: hard

"@sentry-internal/feedback@npm:8.54.0":
  version: 8.54.0
  resolution: "@sentry-internal/feedback@npm:8.54.0"
  dependencies:
    "@sentry/core": "npm:8.54.0"
  checksum: 10/c50577fa11ab25e0a352ae5fa1035e3300f7e092233b31c2fa269a3afa245584fcfda69af53dcda990070aacb2299c05feeaf4301926e18a42bb1a67c36da159
  languageName: node
  linkType: hard

"@sentry-internal/replay-canvas@npm:8.54.0":
  version: 8.54.0
  resolution: "@sentry-internal/replay-canvas@npm:8.54.0"
  dependencies:
    "@sentry-internal/replay": "npm:8.54.0"
    "@sentry/core": "npm:8.54.0"
  checksum: 10/3527e44de9531d0324541b340f0249c51e427eb9fafdb24ba3472681297beed043b074581d00cc7045ba79ab83f8791de2bf61ceb87e411cdc7b9a3bfd37fcc5
  languageName: node
  linkType: hard

"@sentry-internal/replay@npm:8.54.0":
  version: 8.54.0
  resolution: "@sentry-internal/replay@npm:8.54.0"
  dependencies:
    "@sentry-internal/browser-utils": "npm:8.54.0"
    "@sentry/core": "npm:8.54.0"
  checksum: 10/f6bb39139f532fe19234fff7138eda4942a8299aef055fddf36eb876059ccad1268c092a6ff5bdd2e13a83fb08d0b50fb48bbb4a258d1bf30ce53ad1fd84ca80
  languageName: node
  linkType: hard

"@sentry/browser@npm:8.54.0":
  version: 8.54.0
  resolution: "@sentry/browser@npm:8.54.0"
  dependencies:
    "@sentry-internal/browser-utils": "npm:8.54.0"
    "@sentry-internal/feedback": "npm:8.54.0"
    "@sentry-internal/replay": "npm:8.54.0"
    "@sentry-internal/replay-canvas": "npm:8.54.0"
    "@sentry/core": "npm:8.54.0"
  checksum: 10/6d763bf9475e91e7349d28e5e9a74110cf0b9fb4f0c1ff40a055d4cf6775cf7ad03a8f8bd37a7f2e2b5a0a962cc1b0cb695924e0e9c3344c4e4b088062f3c9d4
  languageName: node
  linkType: hard

"@sentry/core@npm:8.54.0":
  version: 8.54.0
  resolution: "@sentry/core@npm:8.54.0"
  checksum: 10/192c26a07527196e9b322306fa96a4ed5518420caa869cd506c8a0ea92e00431dd95da226327c18fbb42547cc904226aba1283c6ff2d69e85a06dd12cf4eb369
  languageName: node
  linkType: hard

"@types/trusted-types@npm:^2.0.7":
  version: 2.0.7
  resolution: "@types/trusted-types@npm:2.0.7"
  checksum: 10/8e4202766a65877efcf5d5a41b7dd458480b36195e580a3b1085ad21e948bc417d55d6f8af1fd2a7ad008015d4117d5fdfe432731157da3c68678487174e4ba3
  languageName: node
  linkType: hard

"abp-filter-parser@npm:^0.2.0":
  version: 0.2.0
  resolution: "abp-filter-parser@npm:0.2.0"
  dependencies:
    bloom-filter-js: "npm:0.0.11"
  checksum: 10/a0041b7292aaffb46f4e16692f0d5fb6a5b576502de62144757ab7c4acdb5a68bb27c7a6ab6f2aa6817e3221b41e044998eb8043f24a056654b198240e6a967a
  languageName: node
  linkType: hard

"adblock-rs@npm:0.12.1":
  version: 0.12.1
  resolution: "adblock-rs@npm:0.12.1"
  dependencies:
    cargo-cp-artifact: "npm:^0.1"
  checksum: 10/c727fd7413c80fcc5dd757d474fb25ad96092ef84f385cfc76273fd1629da2959fd681be9ad5cd80ec3fd4727ca5dffb6df5e518a941161f0211bc6d7430f35b
  languageName: node
  linkType: hard

"ansi-regex@npm:^5.0.1":
  version: 5.0.1
  resolution: "ansi-regex@npm:5.0.1"
  checksum: 10/2aa4bb54caf2d622f1afdad09441695af2a83aa3fe8b8afa581d205e57ed4261c183c4d3877cee25794443fde5876417d859c108078ab788d6af7e4fe52eb66b
  languageName: node
  linkType: hard

"ansi-styles@npm:^4.0.0":
  version: 4.3.0
  resolution: "ansi-styles@npm:4.3.0"
  dependencies:
    color-convert: "npm:^2.0.1"
  checksum: 10/b4494dfbfc7e4591b4711a396bd27e540f8153914123dccb4cdbbcb514015ada63a3809f362b9d8d4f6b17a706f1d7bea3c6f974b15fa5ae76b5b502070889ff
  languageName: node
  linkType: hard

"argparse@npm:^1.0.7":
  version: 1.0.10
  resolution: "argparse@npm:1.0.10"
  dependencies:
    sprintf-js: "npm:~1.0.2"
  checksum: 10/c6a621343a553ff3779390bb5ee9c2263d6643ebcd7843227bdde6cc7adbed796eb5540ca98db19e3fd7b4714e1faa51551f8849b268bb62df27ddb15cbcd91e
  languageName: node
  linkType: hard

"bloom-filter-js@npm:0.0.11":
  version: 0.0.11
  resolution: "bloom-filter-js@npm:0.0.11"
  checksum: 10/9a500ee5350b1d9178fe3f31c8c8bcb8c54260966c0ce53c8e96d73b61bb1b4483372260381fe8e3447cdb578323783180f8d624ff99cf17d35cf23ee645f158
  languageName: node
  linkType: hard

"camelcase-keys@npm:^7.0.2":
  version: 7.0.2
  resolution: "camelcase-keys@npm:7.0.2"
  dependencies:
    camelcase: "npm:^6.3.0"
    map-obj: "npm:^4.1.0"
    quick-lru: "npm:^5.1.1"
    type-fest: "npm:^1.2.1"
  checksum: 10/6f92d969b7fa97456ffc35fe93f0a42d0d0a00fbd94bfc6cac07c84da86e6acfb89fdf04151460d47c583d2dd38a3e9406f980efe9a3d2e143cdfe46a7343083
  languageName: node
  linkType: hard

"camelcase@npm:^6.3.0":
  version: 6.3.0
  resolution: "camelcase@npm:6.3.0"
  checksum: 10/8c96818a9076434998511251dcb2761a94817ea17dbdc37f47ac080bd088fc62c7369429a19e2178b993497132c8cbcf5cc1f44ba963e76782ba469c0474938d
  languageName: node
  linkType: hard

"cargo-cp-artifact@npm:^0.1":
  version: 0.1.9
  resolution: "cargo-cp-artifact@npm:0.1.9"
  bin:
    cargo-cp-artifact: bin/cargo-cp-artifact.js
  checksum: 10/51fcb9641cc025b39384163dce97b82be6af494bc215a70e197af0a01e30dc30173a56a383dd5dbf5b4b76785ab4e91649455128b2ed7d2c3ed3c27c79c7b632
  languageName: node
  linkType: hard

"chownr@npm:^2.0.0":
  version: 2.0.0
  resolution: "chownr@npm:2.0.0"
  checksum: 10/c57cf9dd0791e2f18a5ee9c1a299ae6e801ff58fee96dc8bfd0dcb4738a6ce58dd252a3605b1c93c6418fe4f9d5093b28ffbf4d66648cb2a9c67eaef9679be2f
  languageName: node
  linkType: hard

"cidr-regex@npm:4.0.3":
  version: 4.0.3
  resolution: "cidr-regex@npm:4.0.3"
  dependencies:
    ip-regex: "npm:^5.0.0"
  checksum: 10/d26f9168c2c380a136ac3af6379959d6140c61e08adafed276ed50e9e0d55c129c6ac7c1629e2c676bca9a030d927fbc4a45355e90d10ebcca30a97e8f17011d
  languageName: node
  linkType: hard

"cidr-regex@npm:^3.1.1":
  version: 3.1.1
  resolution: "cidr-regex@npm:3.1.1"
  dependencies:
    ip-regex: "npm:^4.1.0"
  checksum: 10/ef9306d086928ee82b3f841b3bdab6e072230f3623a57cf19e06174946f2cbfeb70ca52bc106b127db27a628b9e84fb39284f5851003898ffdb957fe330478ee
  languageName: node
  linkType: hard

"cidr-tools@npm:^6.4.1":
  version: 6.4.2
  resolution: "cidr-tools@npm:6.4.2"
  dependencies:
    cidr-regex: "npm:4.0.3"
    ip-bigint: "npm:7.3.0"
    ip-regex: "npm:5.0.0"
    string-natural-compare: "npm:3.0.1"
  checksum: 10/7f9687a1f0f0e61911621349eb85c32f09314cd096faf1c37295e9f5ef3fc092797792302b08534c9ed367a699b8672d8db47c89ebfcd362efd63b30c2d14268
  languageName: node
  linkType: hard

"cliui@npm:^8.0.1":
  version: 8.0.1
  resolution: "cliui@npm:8.0.1"
  dependencies:
    string-width: "npm:^4.2.0"
    strip-ansi: "npm:^6.0.1"
    wrap-ansi: "npm:^7.0.0"
  checksum: 10/eaa5561aeb3135c2cddf7a3b3f562fc4238ff3b3fc666869ef2adf264be0f372136702f16add9299087fb1907c2e4ec5dbfe83bd24bce815c70a80c6c1a2e950
  languageName: node
  linkType: hard

"clone-deep@npm:^4.0.1":
  version: 4.0.1
  resolution: "clone-deep@npm:4.0.1"
  dependencies:
    is-plain-object: "npm:^2.0.4"
    kind-of: "npm:^6.0.2"
    shallow-clone: "npm:^3.0.0"
  checksum: 10/770f912fe4e6f21873c8e8fbb1e99134db3b93da32df271d00589ea4a29dbe83a9808a322c93f3bcaf8584b8b4fa6fc269fc8032efbaa6728e0c9886c74467d2
  languageName: node
  linkType: hard

"clone@npm:^2.1.2":
  version: 2.1.2
  resolution: "clone@npm:2.1.2"
  checksum: 10/d9c79efba655f0bf601ab299c57eb54cbaa9860fb011aee9d89ed5ac0d12df1660ab7642fddaabb9a26b7eff0e117d4520512cb70798319ff5d30a111b5310c2
  languageName: node
  linkType: hard

"color-convert@npm:^2.0.1":
  version: 2.0.1
  resolution: "color-convert@npm:2.0.1"
  dependencies:
    color-name: "npm:~1.1.4"
  checksum: 10/fa00c91b4332b294de06b443923246bccebe9fab1b253f7fe1772d37b06a2269b4039a85e309abe1fe11b267b11c08d1d0473fda3badd6167f57313af2887a64
  languageName: node
  linkType: hard

"color-name@npm:~1.1.4":
  version: 1.1.4
  resolution: "color-name@npm:1.1.4"
  checksum: 10/b0445859521eb4021cd0fb0cc1a75cecf67fceecae89b63f62b201cca8d345baf8b952c966862a9d9a2632987d4f6581f0ec8d957dfacece86f0a7919316f610
  languageName: node
  linkType: hard

"commander@npm:^12.1.0":
  version: 12.1.0
  resolution: "commander@npm:12.1.0"
  checksum: 10/cdaeb672d979816853a4eed7f1310a9319e8b976172485c2a6b437ed0db0a389a44cfb222bfbde772781efa9f215bdd1b936f80d6b249485b465c6cb906e1f93
  languageName: node
  linkType: hard

"emoji-regex@npm:^8.0.0":
  version: 8.0.0
  resolution: "emoji-regex@npm:8.0.0"
  checksum: 10/c72d67a6821be15ec11997877c437491c313d924306b8da5d87d2a2bcc2cec9903cb5b04ee1a088460501d8e5b44f10df82fdc93c444101a7610b80c8b6938e1
  languageName: node
  linkType: hard

"escalade@npm:^3.1.1":
  version: 3.1.2
  resolution: "escalade@npm:3.1.2"
  checksum: 10/a1e07fea2f15663c30e40b9193d658397846ffe28ce0a3e4da0d8e485fedfeca228ab846aee101a05015829adf39f9934ff45b2a3fca47bed37a29646bd05cd3
  languageName: node
  linkType: hard

"esprima@npm:^4.0.0":
  version: 4.0.1
  resolution: "esprima@npm:4.0.1"
  bin:
    esparse: ./bin/esparse.js
    esvalidate: ./bin/esvalidate.js
  checksum: 10/f1d3c622ad992421362294f7acf866aa9409fbad4eb2e8fa230bd33944ce371d32279667b242d8b8907ec2b6ad7353a717f3c0e60e748873a34a7905174bc0eb
  languageName: node
  linkType: hard

"eventemitter2@npm:^6.4.4":
  version: 6.4.9
  resolution: "eventemitter2@npm:6.4.9"
  checksum: 10/b829b1c6b11e15926b635092b5ad62b4463d1c928859831dcae606e988cf41893059e3541f5a8209d21d2f15314422ddd4d84d20830b4bf44978608d15b06b08
  languageName: node
  linkType: hard

"fast-hosts-lookup@https://github.com/mjethani/fast-hosts-lookup.git#commit=9136bb8c331ee5dba8ac1a0018552cace11e2afa":
  version: 0.1.0
  resolution: "fast-hosts-lookup@https://github.com/mjethani/fast-hosts-lookup.git#commit=9136bb8c331ee5dba8ac1a0018552cace11e2afa"
  checksum: 10/66ee8254da37bed3e57f44548064527be9eb344467f0ab1d76dbb6bfc46c111a9f03a573bc73f426dcdf46bb0b6b75737ad91ead25c289d820e34bd1ba4f6d2d
  languageName: node
  linkType: hard

"fs-minipass@npm:^2.0.0":
  version: 2.1.0
  resolution: "fs-minipass@npm:2.1.0"
  dependencies:
    minipass: "npm:^3.0.0"
  checksum: 10/03191781e94bc9a54bd376d3146f90fe8e082627c502185dbf7b9b3032f66b0b142c1115f3b2cc5936575fc1b44845ce903dd4c21bec2a8d69f3bd56f9cee9ec
  languageName: node
  linkType: hard

"get-caller-file@npm:^2.0.5":
  version: 2.0.5
  resolution: "get-caller-file@npm:2.0.5"
  checksum: 10/b9769a836d2a98c3ee734a88ba712e62703f1df31b94b784762c433c27a386dd6029ff55c2a920c392e33657d80191edbf18c61487e198844844516f843496b9
  languageName: node
  linkType: hard

"glob-to-regexp@npm:^0.4.1":
  version: 0.4.1
  resolution: "glob-to-regexp@npm:0.4.1"
  checksum: 10/9009529195a955c40d7b9690794aeff5ba665cc38f1519e111c58bb54366fd0c106bde80acf97ba4e533208eb53422c83b136611a54c5fefb1edd8dc267cb62e
  languageName: node
  linkType: hard

"hash-it@npm:^6.0.0":
  version: 6.0.1
  resolution: "hash-it@npm:6.0.1"
  checksum: 10/2c58980ddaa6581d7c53fb4010a7582f675a094645a2dfea774c30970e7e315daf05c6d7d27336d6b8bbd49894ba8bb1b9cf36bdfd94bed67bd14f925624e156
  languageName: node
  linkType: hard

"ip-bigint@npm:7.3.0":
  version: 7.3.0
  resolution: "ip-bigint@npm:7.3.0"
  checksum: 10/ad235be9ef9a2133aa40f1c91b573ecbefdaebcd8154e55ff03fa6882a3b3e9ad7ff37f20dcad29cab87179b6c0e652664802ce90f5aa6ab4fcf7a70160e7863
  languageName: node
  linkType: hard

"ip-regex@npm:5.0.0, ip-regex@npm:^5.0.0":
  version: 5.0.0
  resolution: "ip-regex@npm:5.0.0"
  checksum: 10/4098b2df89c015f1484a5946e733ec126af8c1828719d90e09f04af23ce487e1a852670e4d3f51b0dc6dfbaf7d8bfab23fd7893ca60e69833da99b7b1ee3623b
  languageName: node
  linkType: hard

"ip-regex@npm:^4.0.0, ip-regex@npm:^4.1.0":
  version: 4.3.0
  resolution: "ip-regex@npm:4.3.0"
  checksum: 10/7ff904b891221b1847f3fdf3dbb3e6a8660dc39bc283f79eb7ed88f5338e1a3d1104b779bc83759159be266249c59c2160e779ee39446d79d4ed0890dfd06f08
  languageName: node
  linkType: hard

"is-cidr@npm:4.0.2":
  version: 4.0.2
  resolution: "is-cidr@npm:4.0.2"
  dependencies:
    cidr-regex: "npm:^3.1.1"
  checksum: 10/ee6e670e655a835710a7fa15268b428adbf80267114a494ce1c2ca2b09e1ca0b629fe1375aae621d4c093b32930d5ff7c4ee6da97eae14e3836bc7b3a07b171f
  languageName: node
  linkType: hard

"is-fullwidth-code-point@npm:^3.0.0":
  version: 3.0.0
  resolution: "is-fullwidth-code-point@npm:3.0.0"
  checksum: 10/44a30c29457c7fb8f00297bce733f0a64cd22eca270f83e58c105e0d015e45c019491a4ab2faef91ab51d4738c670daff901c799f6a700e27f7314029e99e348
  languageName: node
  linkType: hard

"is-ip@npm:3.1.0":
  version: 3.1.0
  resolution: "is-ip@npm:3.1.0"
  dependencies:
    ip-regex: "npm:^4.0.0"
  checksum: 10/da2c2b282407194adf2320bade0bad94be9c9d0bdab85ff45b1b62d8185f31c65dff3884519d57bf270277e5ea2046c7916a6e5a6db22fe4b7ddcdd3760f23eb
  languageName: node
  linkType: hard

"is-plain-object@npm:^2.0.4":
  version: 2.0.4
  resolution: "is-plain-object@npm:2.0.4"
  dependencies:
    isobject: "npm:^3.0.1"
  checksum: 10/2a401140cfd86cabe25214956ae2cfee6fbd8186809555cd0e84574f88de7b17abacb2e477a6a658fa54c6083ecbda1e6ae404c7720244cd198903848fca70ca
  languageName: node
  linkType: hard

"isobject@npm:^3.0.1":
  version: 3.0.1
  resolution: "isobject@npm:3.0.1"
  checksum: 10/db85c4c970ce30693676487cca0e61da2ca34e8d4967c2e1309143ff910c207133a969f9e4ddb2dc6aba670aabce4e0e307146c310350b298e74a31f7d464703
  languageName: node
  linkType: hard

"js-yaml@npm:^3.14.1":
  version: 3.14.2
  resolution: "js-yaml@npm:3.14.2"
  dependencies:
    argparse: "npm:^1.0.7"
    esprima: "npm:^4.0.0"
  bin:
    js-yaml: bin/js-yaml.js
  checksum: 10/172e0b6007b0bf0fc8d2469c94424f7dd765c64a047d2b790831fecef2204a4054eabf4d911eb73ab8c9a3256ab8ba1ee8d655b789bf24bf059c772acc2075a1
  languageName: node
  linkType: hard

"jsep@npm:^1.4.0":
  version: 1.4.0
  resolution: "jsep@npm:1.4.0"
  checksum: 10/935824fe6ac28fcff3cd13878f508f99f6c13e7f0f53ec9fca0d3db465e6dd15f8af030bcdc75a38b07c78359c656647435923a26aceb91607027021f00c17f2
  languageName: node
  linkType: hard

"json-rules-engine@npm:7.3.1":
  version: 7.3.1
  resolution: "json-rules-engine@npm:7.3.1"
  dependencies:
    clone: "npm:^2.1.2"
    eventemitter2: "npm:^6.4.4"
    hash-it: "npm:^6.0.0"
    jsonpath-plus: "npm:^10.3.0"
  checksum: 10/0fbb7b16e18825ffa1e92fa37c6b2e39e42b4f27849835329dd71b9f3a82e1b3e3fa6920531ace224468917005a1dda2f057dfa7c43974983435e450bab91370
  languageName: node
  linkType: hard

"json5@npm:^2.2.3":
  version: 2.2.3
  resolution: "json5@npm:2.2.3"
  bin:
    json5: lib/cli.js
  checksum: 10/1db67b853ff0de3534085d630691d3247de53a2ed1390ba0ddff681ea43e9b3e30ecbdb65c5e9aab49435e44059c23dbd6fee8ee619419ba37465bb0dd7135da
  languageName: node
  linkType: hard

"jsonpath-plus@npm:10.3.0":
  version: 10.3.0
  resolution: "jsonpath-plus@npm:10.3.0"
  dependencies:
    "@jsep-plugin/assignment": "npm:^1.3.0"
    "@jsep-plugin/regex": "npm:^1.0.4"
    jsep: "npm:^1.4.0"
  bin:
    jsonpath: bin/jsonpath-cli.js
    jsonpath-plus: bin/jsonpath-cli.js
  checksum: 10/082302334414c7c5ab0cc8239563118f7f14bb2949d001b009f436491d00f94a7a293eed3eaf61ffdaf72f6fda9d25198a4280c4f68a4c403154ca7ed2bd0dc9
  languageName: node
  linkType: hard

"jsonpath-plus@npm:^10.3.0":
  version: 10.4.0
  resolution: "jsonpath-plus@npm:10.4.0"
  dependencies:
    "@jsep-plugin/assignment": "npm:^1.3.0"
    "@jsep-plugin/regex": "npm:^1.0.4"
    jsep: "npm:^1.4.0"
  bin:
    jsonpath: bin/jsonpath-cli.js
    jsonpath-plus: bin/jsonpath-cli.js
  checksum: 10/0ff33c7eb6500d7c8d789ce15a63ac2c46cb01b855f1c53729ca9e3833e0253af70277fc1799ebfe0b3130ddc03c127562669b999729dd11f2621b81472248d4
  languageName: node
  linkType: hard

"jsonschema@npm:^1.4.1":
  version: 1.5.0
  resolution: "jsonschema@npm:1.5.0"
  checksum: 10/46bf49b388ba922073bcb3c8d5e90af9d29fc8303dc866fd440182c88d6b4fd2807679fd39cdefb4113156d104ea47da9c0ff4bbcb0032c9fa29461cb1a92182
  languageName: node
  linkType: hard

"kind-of@npm:^6.0.2":
  version: 6.0.3
  resolution: "kind-of@npm:6.0.3"
  checksum: 10/5873d303fb36aad875b7538798867da2ae5c9e328d67194b0162a3659a627d22f742fc9c4ae95cd1704132a24b00cae5041fc00c0f6ef937dc17080dc4dbb962
  languageName: node
  linkType: hard

"lru-cache@npm:^11.0.2":
  version: 11.2.6
  resolution: "lru-cache@npm:11.2.6"
  checksum: 10/91222bbd59f793a0a0ad57789388f06b34ac9bb1613433c1d1810457d09db5cd3ec8943227ce2e1f5d6a0a15d6f1a9f129cb2c49ae9b6b10e82d4965fddecbef
  languageName: node
  linkType: hard

"map-obj@npm:^4.1.0":
  version: 4.3.0
  resolution: "map-obj@npm:4.3.0"
  checksum: 10/fbc554934d1a27a1910e842bc87b177b1a556609dd803747c85ece420692380827c6ae94a95cce4407c054fa0964be3bf8226f7f2cb2e9eeee432c7c1985684e
  languageName: node
  linkType: hard

"minipass@npm:^3.0.0":
  version: 3.3.6
  resolution: "minipass@npm:3.3.6"
  dependencies:
    yallist: "npm:^4.0.0"
  checksum: 10/a5c6ef069f70d9a524d3428af39f2b117ff8cd84172e19b754e7264a33df460873e6eb3d6e55758531580970de50ae950c496256bb4ad3691a2974cddff189f0
  languageName: node
  linkType: hard

"minipass@npm:^5.0.0":
  version: 5.0.0
  resolution: "minipass@npm:5.0.0"
  checksum: 10/61682162d29f45d3152b78b08bab7fb32ca10899bc5991ffe98afc18c9e9543bd1e3be94f8b8373ba6262497db63607079dc242ea62e43e7b2270837b7347c93
  languageName: node
  linkType: hard

"minizlib@npm:^2.1.1":
  version: 2.1.2
  resolution: "minizlib@npm:2.1.2"
  dependencies:
    minipass: "npm:^3.0.0"
    yallist: "npm:^4.0.0"
  checksum: 10/ae0f45436fb51344dcb87938446a32fbebb540d0e191d63b35e1c773d47512e17307bf54aa88326cc6d176594d00e4423563a091f7266c2f9a6872cdc1e234d1
  languageName: node
  linkType: hard

"mkdirp@npm:^1.0.3":
  version: 1.0.4
  resolution: "mkdirp@npm:1.0.4"
  bin:
    mkdirp: bin/cmd.js
  checksum: 10/d71b8dcd4b5af2fe13ecf3bd24070263489404fe216488c5ba7e38ece1f54daf219e72a833a3a2dc404331e870e9f44963a33399589490956bff003a3404d3b2
  languageName: node
  linkType: hard

"pako@npm:^2.1.0":
  version: 2.1.0
  resolution: "pako@npm:2.1.0"
  checksum: 10/38a04991d0ec4f4b92794a68b8c92bf7340692c5d980255c92148da96eb3e550df7a86a7128b5ac0c65ecddfe5ef3bbe9c6dab13e1bc315086e759b18f7c1401
  languageName: node
  linkType: hard

"punycode@npm:2.3.1":
  version: 2.3.1
  resolution: "punycode@npm:2.3.1"
  checksum: 10/febdc4362bead22f9e2608ff0171713230b57aff9dddc1c273aa2a651fbd366f94b7d6a71d78342a7c0819906750351ca7f2edd26ea41b626d87d6a13d1bd059
  languageName: node
  linkType: hard

"quick-lru@npm:^5.1.1":
  version: 5.1.1
  resolution: "quick-lru@npm:5.1.1"
  checksum: 10/a516faa25574be7947969883e6068dbe4aa19e8ef8e8e0fd96cddd6d36485e9106d85c0041a27153286b0770b381328f4072aa40d3b18a19f5f7d2b78b94b5ed
  languageName: node
  linkType: hard

"require-directory@npm:^2.1.1":
  version: 2.1.1
  resolution: "require-directory@npm:2.1.1"
  checksum: 10/a72468e2589270d91f06c7d36ec97a88db53ae5d6fe3787fadc943f0b0276b10347f89b363b2a82285f650bdcc135ad4a257c61bdd4d00d6df1fa24875b0ddaf
  languageName: node
  linkType: hard

"semver@npm:7.7.2":
  version: 7.7.2
  resolution: "semver@npm:7.7.2"
  bin:
    semver: bin/semver.js
  checksum: 10/7a24cffcaa13f53c09ce55e05efe25cd41328730b2308678624f8b9f5fc3093fc4d189f47950f0b811ff8f3c3039c24a2c36717ba7961615c682045bf03e1dda
  languageName: node
  linkType: hard

"shallow-clone@npm:^3.0.0":
  version: 3.0.1
  resolution: "shallow-clone@npm:3.0.1"
  dependencies:
    kind-of: "npm:^6.0.2"
  checksum: 10/e066bd540cfec5e1b0f78134853e0d892d1c8945fb9a926a579946052e7cb0c70ca4fc34f875a8083aa7910d751805d36ae64af250a6de6f3d28f9fa7be6c21b
  languageName: node
  linkType: hard

"sprintf-js@npm:^1.1.3":
  version: 1.1.3
  resolution: "sprintf-js@npm:1.1.3"
  checksum: 10/e7587128c423f7e43cc625fe2f87e6affdf5ca51c1cc468e910d8aaca46bb44a7fbcfa552f787b1d3987f7043aeb4527d1b99559e6621e01b42b3f45e5a24cbb
  languageName: node
  linkType: hard

"sprintf-js@npm:~1.0.2":
  version: 1.0.3
  resolution: "sprintf-js@npm:1.0.3"
  checksum: 10/c34828732ab8509c2741e5fd1af6b767c3daf2c642f267788f933a65b1614943c282e74c4284f4fa749c264b18ee016a0d37a3e5b73aee446da46277d3a85daa
  languageName: node
  linkType: hard

"string-natural-compare@npm:3.0.1":
  version: 3.0.1
  resolution: "string-natural-compare@npm:3.0.1"
  checksum: 10/bc1fd0ee196466489e121bbe11844094ddcdee5a687dca9dbb18ba2ace73b1f6c96c9b448df2dfed0879b781b6b12e329ca1c1fc0a86d70b00c7823b76109b1e
  languageName: node
  linkType: hard

"string-width@npm:^4.1.0, string-width@npm:^4.2.0, string-width@npm:^4.2.3":
  version: 4.2.3
  resolution: "string-width@npm:4.2.3"
  dependencies:
    emoji-regex: "npm:^8.0.0"
    is-fullwidth-code-point: "npm:^3.0.0"
    strip-ansi: "npm:^6.0.1"
  checksum: 10/e52c10dc3fbfcd6c3a15f159f54a90024241d0f149cf8aed2982a2d801d2e64df0bf1dc351cf8e95c3319323f9f220c16e740b06faecd53e2462df1d2b5443fb
  languageName: node
  linkType: hard

"strip-ansi@npm:^6.0.0, strip-ansi@npm:^6.0.1":
  version: 6.0.1
  resolution: "strip-ansi@npm:6.0.1"
  dependencies:
    ansi-regex: "npm:^5.0.1"
  checksum: 10/ae3b5436d34fadeb6096367626ce987057713c566e1e7768818797e00ac5d62023d0f198c4e681eae9e20701721980b26a64a8f5b91238869592a9c6800719a2
  languageName: node
  linkType: hard

"tar@npm:^6.1.10":
  version: 6.2.1
  resolution: "tar@npm:6.2.1"
  dependencies:
    chownr: "npm:^2.0.0"
    fs-minipass: "npm:^2.0.0"
    minipass: "npm:^5.0.0"
    minizlib: "npm:^2.1.1"
    mkdirp: "npm:^1.0.3"
    yallist: "npm:^4.0.0"
  checksum: 10/bfbfbb2861888077fc1130b84029cdc2721efb93d1d1fb80f22a7ac3a98ec6f8972f29e564103bbebf5e97be67ebc356d37fa48dbc4960600a1eb7230fbd1ea0
  languageName: node
  linkType: hard

"tldts-core@npm:^5.7.112":
  version: 5.7.112
  resolution: "tldts-core@npm:5.7.112"
  checksum: 10/8be0a4bc0233755e8f1839c2ec5476e471d2bbc1c37d1b8c67b85ce4c0ebc11214e46efd508d377e4177516ab08fa08355f8adf4771cb9e23824045717eb08c3
  languageName: node
  linkType: hard

"tldts-core@npm:^7.0.25":
  version: 7.0.25
  resolution: "tldts-core@npm:7.0.25"
  checksum: 10/54b1b68ddf2dfe37c7b0855a87eaa38cec2d315685e15f45c6fc8c7afef038bede3f191779b20a0bc87c12c9cfc8b754a2d2ccb1e5385cca659021fc8eec60a9
  languageName: node
  linkType: hard

"tldts-experimental@npm:^7.0.25":
  version: 7.0.25
  resolution: "tldts-experimental@npm:7.0.25"
  dependencies:
    tldts-core: "npm:^7.0.25"
  checksum: 10/43f6383ae5b13c19eb52c7d6429f7f29256995d701268bdf259a2d2acf0b65c01554062d35efc5cc36c615b01168bd07c8d2e9eb396b0ae3cbc7657ae6bfa4be
  languageName: node
  linkType: hard

"tldts@npm:^5.7.112":
  version: 5.7.112
  resolution: "tldts@npm:5.7.112"
  dependencies:
    tldts-core: "npm:^5.7.112"
  bin:
    tldts: bin/cli.js
  checksum: 10/feb600abb1ec659f40c5946d83b099a521fd9e64fe7122de6b191852b5416c9445c2410f3629d0a9b307a4381c2e8cc70fe4ea425e773d9eee38c5055c38fad0
  languageName: node
  linkType: hard

"type-fest@npm:^1.2.1":
  version: 1.4.0
  resolution: "type-fest@npm:1.4.0"
  checksum: 10/89875c247564601c2650bacad5ff80b859007fbdb6c9e43713ae3ffa3f584552eea60f33711dd762e16496a1ab4debd409822627be14097d9a17e39c49db591a
  languageName: node
  linkType: hard

"uuid@npm:9.0.1":
  version: 9.0.1
  resolution: "uuid@npm:9.0.1"
  bin:
    uuid: dist/bin/uuid
  checksum: 10/9d0b6adb72b736e36f2b1b53da0d559125ba3e39d913b6072f6f033e0c87835b414f0836b45bcfaf2bdf698f92297fea1c3cc19b0b258bc182c9c43cc0fab9f2
  languageName: node
  linkType: hard

"wrap-ansi@npm:^7.0.0":
  version: 7.0.0
  resolution: "wrap-ansi@npm:7.0.0"
  dependencies:
    ansi-styles: "npm:^4.0.0"
    string-width: "npm:^4.1.0"
    strip-ansi: "npm:^6.0.0"
  checksum: 10/cebdaeca3a6880da410f75209e68cd05428580de5ad24535f22696d7d9cab134d1f8498599f344c3cf0fb37c1715807a183778d8c648d6cc0cb5ff2bb4236540
  languageName: node
  linkType: hard

"y18n@npm:^5.0.5":
  version: 5.0.8
  resolution: "y18n@npm:5.0.8"
  checksum: 10/5f1b5f95e3775de4514edbb142398a2c37849ccfaf04a015be5d75521e9629d3be29bd4432d23c57f37e5b61ade592fb0197022e9993f81a06a5afbdcda9346d
  languageName: node
  linkType: hard

"yallist@npm:^4.0.0":
  version: 4.0.0
  resolution: "yallist@npm:4.0.0"
  checksum: 10/4cb02b42b8a93b5cf50caf5d8e9beb409400a8a4d85e83bb0685c1457e9ac0b7a00819e9f5991ac25ffabb56a78e2f017c1acc010b3a1babfe6de690ba531abd
  languageName: node
  linkType: hard

"yargs-parser@npm:^21.1.1":
  version: 21.1.1
  resolution: "yargs-parser@npm:21.1.1"
  checksum: 10/9dc2c217ea3bf8d858041252d43e074f7166b53f3d010a8c711275e09cd3d62a002969a39858b92bbda2a6a63a585c7127014534a560b9c69ed2d923d113406e
  languageName: node
  linkType: hard

"yargs@npm:^17.5.1":
  version: 17.7.2
  resolution: "yargs@npm:17.7.2"
  dependencies:
    cliui: "npm:^8.0.1"
    escalade: "npm:^3.1.1"
    get-caller-file: "npm:^2.0.5"
    require-directory: "npm:^2.1.1"
    string-width: "npm:^4.2.3"
    y18n: "npm:^5.0.5"
    yargs-parser: "npm:^21.1.1"
  checksum: 10/abb3e37678d6e38ea85485ed86ebe0d1e3464c640d7d9069805ea0da12f69d5a32df8e5625e370f9c96dd1c2dc088ab2d0a4dd32af18222ef3c4224a19471576
  languageName: node
  linkType: hard

"zod-validation-error@npm:^3.4.0":
  version: 3.5.4
  resolution: "zod-validation-error@npm:3.5.4"
  peerDependencies:
    zod: ^3.24.4
  checksum: 10/eb85392e6fd7af255fb233713b1f038134e66cbaff20d1a52d46bd4210fe7b776d48d7dd2170095fbd2b375f6c41d629109bd5eac245c576083c9cf6e131a20b
  languageName: node
  linkType: hard

"zod@npm:3.24.4":
  version: 3.24.4
  resolution: "zod@npm:3.24.4"
  checksum: 10/3d545792fa54bb27ee5dbc34a5709e81f603185fcc94c8204b5d95c20dc4c81d870ff9c51f3884a30ef05cdc601449f4c4df254ac4783f0827b1faed7c1cdb48
  languageName: node
  linkType: hard
